// !$*UTF8*$!
{
	archiveVersion = 1;
	classes = {
	};
	objectVersion = 46;
	objects = {

/* Begin PBXBuildFile section */
		696EA02A17B8B28800497D91 /* UIKit.framework in Frameworks */ = {isa = PBXBuildFile; fileRef = 696EA02917B8B28800497D91 /* UIKit.framework */; };
		696EA02C17B8B28800497D91 /* Foundation.framework in Frameworks */ = {isa = PBXBuildFile; fileRef = 696EA02B17B8B28800497D91 /* Foundation.framework */; };
		696EA02E17B8B28800497D91 /* CoreGraphics.framework in Frameworks */ = {isa = PBXBuildFile; fileRef = 696EA02D17B8B28800497D91 /* CoreGraphics.framework */; };
		696EA03417B8B28800497D91 /* InfoPlist.strings in Resources */ = {isa = PBXBuildFile; fileRef = 696EA03217B8B28800497D91 /* InfoPlist.strings */; };
		696EA03617B8B28800497D91 /* main.m in Sources */ = {isa = PBXBuildFile; fileRef = 696EA03517B8B28800497D91 /* main.m */; };
		696EA03A17B8B28800497D91 /* VIPAppDelegate.m in Sources */ = {isa = PBXBuildFile; fileRef = 696EA03917B8B28800497D91 /* VIPAppDelegate.m */; };
		696EA03C17B8B28800497D91 /* Default.png in Resources */ = {isa = PBXBuildFile; fileRef = 696EA03B17B8B28800497D91 /* Default.png */; };
		696EA03E17B8B28800497D91 /* Default@2x.png in Resources */ = {isa = PBXBuildFile; fileRef = 696EA03D17B8B28800497D91 /* Default@2x.png */; };
		696EA04017B8B28800497D91 /* Default-568h@2x.png in Resources */ = {isa = PBXBuildFile; fileRef = 696EA03F17B8B28800497D91 /* Default-568h@2x.png */; };
		696EA04317B8B28800497D91 /* VIPMasterViewController.m in Sources */ = {isa = PBXBuildFile; fileRef = 696EA04217B8B28800497D91 /* VIPMasterViewController.m */; };
		696EA04617B8B28800497D91 /* VIPDetailViewController.m in Sources */ = {isa = PBXBuildFile; fileRef = 696EA04517B8B28800497D91 /* VIPDetailViewController.m */; };
		696EA04917B8B28800497D91 /* VIPMasterViewController.xib in Resources */ = {isa = PBXBuildFile; fileRef = 696EA04717B8B28800497D91 /* VIPMasterViewController.xib */; };
		696EA04C17B8B28800497D91 /* VIPDetailViewController.xib in Resources */ = {isa = PBXBuildFile; fileRef = 696EA04A17B8B28800497D91 /* VIPDetailViewController.xib */; };
		696EA06F17B8B63000497D91 /* Topic.m in Sources */ = {isa = PBXBuildFile; fileRef = 696EA06E17B8B63000497D91 /* Topic.m */; };
		696EA07717B8C74400497D91 /* UIKit.framework in Frameworks */ = {isa = PBXBuildFile; fileRef = 696EA02917B8B28800497D91 /* UIKit.framework */; };
		696EA07817B8C74400497D91 /* Foundation.framework in Frameworks */ = {isa = PBXBuildFile; fileRef = 696EA02B17B8B28800497D91 /* Foundation.framework */; };
		696EA07917B8C74400497D91 /* CoreGraphics.framework in Frameworks */ = {isa = PBXBuildFile; fileRef = 696EA02D17B8B28800497D91 /* CoreGraphics.framework */; };
		696EA07F17B8C74400497D91 /* InfoPlist.strings in Resources */ = {isa = PBXBuildFile; fileRef = 696EA07D17B8C74400497D91 /* InfoPlist.strings */; };
		696EA08117B8C74400497D91 /* main.m in Sources */ = {isa = PBXBuildFile; fileRef = 696EA08017B8C74400497D91 /* main.m */; };
		696EA08717B8C74400497D91 /* Default.png in Resources */ = {isa = PBXBuildFile; fileRef = 696EA08617B8C74400497D91 /* Default.png */; };
		696EA08917B8C74400497D91 /* Default@2x.png in Resources */ = {isa = PBXBuildFile; fileRef = 696EA08817B8C74400497D91 /* Default@2x.png */; };
		696EA08B17B8C74400497D91 /* Default-568h@2x.png in Resources */ = {isa = PBXBuildFile; fileRef = 696EA08A17B8C74400497D91 /* Default-568h@2x.png */; };
		696EA09417B8C7CE00497D91 /* QuartzCore.framework in Frameworks */ = {isa = PBXBuildFile; fileRef = 696EA09317B8C7CE00497D91 /* QuartzCore.framework */; };
		696EA0A017B8CCEB00497D91 /* libPods-GHUnitIOS.a in Frameworks */ = {isa = PBXBuildFile; fileRef = 696EA09F17B8CCEB00497D91 /* libPods-GHUnitIOS.a */; };
		696EA0A317B8CDC900497D91 /* TopicTests.m in Sources */ = {isa = PBXBuildFile; fileRef = 696EA0A217B8CDC900497D91 /* TopicTests.m */; };
		696EA0A417B8CDF900497D91 /* Topic.m in Sources */ = {isa = PBXBuildFile; fileRef = 696EA06E17B8B63000497D91 /* Topic.m */; };
/* End PBXBuildFile section */

/* Begin PBXFileReference section */
		696EA02617B8B28800497D91 /* BrowseOverflow.app */ = {isa = PBXFileReference; explicitFileType = wrapper.application; includeInIndex = 0; path = BrowseOverflow.app; sourceTree = BUILT_PRODUCTS_DIR; };
		696EA02917B8B28800497D91 /* UIKit.framework */ = {isa = PBXFileReference; lastKnownFileType = wrapper.framework; name = UIKit.framework; path = System/Library/Frameworks/UIKit.framework; sourceTree = SDKROOT; };
		696EA02B17B8B28800497D91 /* Foundation.framework */ = {isa = PBXFileReference; lastKnownFileType = wrapper.framework; name = Foundation.framework; path = System/Library/Frameworks/Foundation.framework; sourceTree = SDKROOT; };
		696EA02D17B8B28800497D91 /* CoreGraphics.framework */ = {isa = PBXFileReference; lastKnownFileType = wrapper.framework; name = CoreGraphics.framework; path = System/Library/Frameworks/CoreGraphics.framework; sourceTree = SDKROOT; };
		696EA03117B8B28800497D91 /* BrowseOverflow-Info.plist */ = {isa = PBXFileReference; lastKnownFileType = text.plist.xml; path = "BrowseOverflow-Info.plist"; sourceTree = "<group>"; };
		696EA03317B8B28800497D91 /* en */ = {isa = PBXFileReference; lastKnownFileType = text.plist.strings; name = en; path = en.lproj/InfoPlist.strings; sourceTree = "<group>"; };
		696EA03517B8B28800497D91 /* main.m */ = {isa = PBXFileReference; lastKnownFileType = sourcecode.c.objc; path = main.m; sourceTree = "<group>"; };
		696EA03717B8B28800497D91 /* BrowseOverflow-Prefix.pch */ = {isa = PBXFileReference; lastKnownFileType = sourcecode.c.h; path = "BrowseOverflow-Prefix.pch"; sourceTree = "<group>"; };
		696EA03817B8B28800497D91 /* VIPAppDelegate.h */ = {isa = PBXFileReference; lastKnownFileType = sourcecode.c.h; path = VIPAppDelegate.h; sourceTree = "<group>"; };
		696EA03917B8B28800497D91 /* VIPAppDelegate.m */ = {isa = PBXFileReference; lastKnownFileType = sourcecode.c.objc; path = VIPAppDelegate.m; sourceTree = "<group>"; };
		696EA03B17B8B28800497D91 /* Default.png */ = {isa = PBXFileReference; lastKnownFileType = image.png; path = Default.png; sourceTree = "<group>"; };
		696EA03D17B8B28800497D91 /* Default@2x.png */ = {isa = PBXFileReference; lastKnownFileType = image.png; path = "Default@2x.png"; sourceTree = "<group>"; };
		696EA03F17B8B28800497D91 /* Default-568h@2x.png */ = {isa = PBXFileReference; lastKnownFileType = image.png; path = "Default-568h@2x.png"; sourceTree = "<group>"; };
		696EA04117B8B28800497D91 /* VIPMasterViewController.h */ = {isa = PBXFileReference; lastKnownFileType = sourcecode.c.h; path = VIPMasterViewController.h; sourceTree = "<group>"; };
		696EA04217B8B28800497D91 /* VIPMasterViewController.m */ = {isa = PBXFileReference; lastKnownFileType = sourcecode.c.objc; path = VIPMasterViewController.m; sourceTree = "<group>"; };
		696EA04417B8B28800497D91 /* VIPDetailViewController.h */ = {isa = PBXFileReference; lastKnownFileType = sourcecode.c.h; path = VIPDetailViewController.h; sourceTree = "<group>"; };
		696EA04517B8B28800497D91 /* VIPDetailViewController.m */ = {isa = PBXFileReference; lastKnownFileType = sourcecode.c.objc; path = VIPDetailViewController.m; sourceTree = "<group>"; };
		696EA04817B8B28800497D91 /* en */ = {isa = PBXFileReference; lastKnownFileType = file.xib; name = en; path = en.lproj/VIPMasterViewController.xib; sourceTree = "<group>"; };
		696EA04B17B8B28800497D91 /* en */ = {isa = PBXFileReference; lastKnownFileType = file.xib; name = en; path = en.lproj/VIPDetailViewController.xib; sourceTree = "<group>"; };
		696EA05317B8B28800497D91 /* SenTestingKit.framework */ = {isa = PBXFileReference; lastKnownFileType = wrapper.framework; name = SenTestingKit.framework; path = Library/Frameworks/SenTestingKit.framework; sourceTree = DEVELOPER_DIR; };
		696EA06D17B8B63000497D91 /* Topic.h */ = {isa = PBXFileReference; fileEncoding = 4; lastKnownFileType = sourcecode.c.h; path = Topic.h; sourceTree = "<group>"; };
		696EA06E17B8B63000497D91 /* Topic.m */ = {isa = PBXFileReference; fileEncoding = 4; lastKnownFileType = sourcecode.c.objc; path = Topic.m; sourceTree = "<group>"; };
		696EA07617B8C74400497D91 /* GHUnitTests.app */ = {isa = PBXFileReference; explicitFileType = wrapper.application; includeInIndex = 0; path = GHUnitTests.app; sourceTree = BUILT_PRODUCTS_DIR; };
		696EA07C17B8C74400497D91 /* GHUnitTests-Info.plist */ = {isa = PBXFileReference; lastKnownFileType = text.plist.xml; path = "GHUnitTests-Info.plist"; sourceTree = "<group>"; };
		696EA07E17B8C74400497D91 /* en */ = {isa = PBXFileReference; lastKnownFileType = text.plist.strings; name = en; path = en.lproj/InfoPlist.strings; sourceTree = "<group>"; };
		696EA08017B8C74400497D91 /* main.m */ = {isa = PBXFileReference; lastKnownFileType = sourcecode.c.objc; path = main.m; sourceTree = "<group>"; };
		696EA08217B8C74400497D91 /* GHUnitTests-Prefix.pch */ = {isa = PBXFileReference; lastKnownFileType = sourcecode.c.h; path = "GHUnitTests-Prefix.pch"; sourceTree = "<group>"; };
		696EA08617B8C74400497D91 /* Default.png */ = {isa = PBXFileReference; lastKnownFileType = image.png; path = Default.png; sourceTree = "<group>"; };
		696EA08817B8C74400497D91 /* Default@2x.png */ = {isa = PBXFileReference; lastKnownFileType = image.png; path = "Default@2x.png"; sourceTree = "<group>"; };
		696EA08A17B8C74400497D91 /* Default-568h@2x.png */ = {isa = PBXFileReference; lastKnownFileType = image.png; path = "Default-568h@2x.png"; sourceTree = "<group>"; };
		696EA09317B8C7CE00497D91 /* QuartzCore.framework */ = {isa = PBXFileReference; lastKnownFileType = wrapper.framework; name = QuartzCore.framework; path = System/Library/Frameworks/QuartzCore.framework; sourceTree = SDKROOT; };
		696EA09D17B8CAE900497D91 /* libPods.a */ = {isa = PBXFileReference; lastKnownFileType = file; name = libPods.a; path = "Pods/build/Release-iphoneos/libPods.a"; sourceTree = "<group>"; };
		696EA09F17B8CCEB00497D91 /* libPods-GHUnitIOS.a */ = {isa = PBXFileReference; lastKnownFileType = file; name = "libPods-GHUnitIOS.a"; path = "Pods/build/Release-iphoneos/libPods-GHUnitIOS.a"; sourceTree = "<group>"; };
		696EA0A117B8CDC900497D91 /* TopicTests.h */ = {isa = PBXFileReference; fileEncoding = 4; lastKnownFileType = sourcecode.c.h; path = TopicTests.h; sourceTree = "<group>"; };
		696EA0A217B8CDC900497D91 /* TopicTests.m */ = {isa = PBXFileReference; fileEncoding = 4; lastKnownFileType = sourcecode.c.objc; path = TopicTests.m; sourceTree = "<group>"; };
		8937EA399252405F9C172ED2 /* Pods.xcconfig */ = {isa = PBXFileReference; includeInIndex = 1; lastKnownFileType = text.xcconfig; name = Pods.xcconfig; path = Pods/Pods.xcconfig; sourceTree = SOURCE_ROOT; };
/* End PBXFileReference section */

/* Begin PBXFrameworksBuildPhase section */
		696EA02317B8B28800497D91 /* Frameworks */ = {
			isa = PBXFrameworksBuildPhase;
			buildActionMask = 2147483647;
			files = (
				696EA02A17B8B28800497D91 /* UIKit.framework in Frameworks */,
				696EA02C17B8B28800497D91 /* Foundation.framework in Frameworks */,
				696EA02E17B8B28800497D91 /* CoreGraphics.framework in Frameworks */,
			);
			runOnlyForDeploymentPostprocessing = 0;
		};
		696EA07317B8C74400497D91 /* Frameworks */ = {
			isa = PBXFrameworksBuildPhase;
			buildActionMask = 2147483647;
			files = (
				696EA0A017B8CCEB00497D91 /* libPods-GHUnitIOS.a in Frameworks */,
				696EA09417B8C7CE00497D91 /* QuartzCore.framework in Frameworks */,
				696EA07717B8C74400497D91 /* UIKit.framework in Frameworks */,
				696EA07817B8C74400497D91 /* Foundation.framework in Frameworks */,
				696EA07917B8C74400497D91 /* CoreGraphics.framework in Frameworks */,
			);
			runOnlyForDeploymentPostprocessing = 0;
		};
/* End PBXFrameworksBuildPhase section */

/* Begin PBXGroup section */
		696EA01D17B8B28800497D91 = {
			isa = PBXGroup;
			children = (
				696EA02F17B8B28800497D91 /* BrowseOverflow */,
				696EA07A17B8C74400497D91 /* GHUnitTests */,
				696EA02817B8B28800497D91 /* Frameworks */,
				696EA02717B8B28800497D91 /* Products */,
				8937EA399252405F9C172ED2 /* Pods.xcconfig */,
			);
			sourceTree = "<group>";
		};
		696EA02717B8B28800497D91 /* Products */ = {
			isa = PBXGroup;
			children = (
				696EA02617B8B28800497D91 /* BrowseOverflow.app */,
				696EA07617B8C74400497D91 /* GHUnitTests.app */,
			);
			name = Products;
			sourceTree = "<group>";
		};
		696EA02817B8B28800497D91 /* Frameworks */ = {
			isa = PBXGroup;
			children = (
				696EA09F17B8CCEB00497D91 /* libPods-GHUnitIOS.a */,
				696EA09D17B8CAE900497D91 /* libPods.a */,
				696EA09317B8C7CE00497D91 /* QuartzCore.framework */,
				696EA02917B8B28800497D91 /* UIKit.framework */,
				696EA02B17B8B28800497D91 /* Foundation.framework */,
				696EA02D17B8B28800497D91 /* CoreGraphics.framework */,
				696EA05317B8B28800497D91 /* SenTestingKit.framework */,
			);
			name = Frameworks;
			sourceTree = "<group>";
		};
		696EA02F17B8B28800497D91 /* BrowseOverflow */ = {
			isa = PBXGroup;
			children = (
				696EA07117B8B63500497D91 /* Model */,
				696EA03817B8B28800497D91 /* VIPAppDelegate.h */,
				696EA03917B8B28800497D91 /* VIPAppDelegate.m */,
				696EA04117B8B28800497D91 /* VIPMasterViewController.h */,
				696EA04217B8B28800497D91 /* VIPMasterViewController.m */,
				696EA04417B8B28800497D91 /* VIPDetailViewController.h */,
				696EA04517B8B28800497D91 /* VIPDetailViewController.m */,
				696EA04717B8B28800497D91 /* VIPMasterViewController.xib */,
				696EA04A17B8B28800497D91 /* VIPDetailViewController.xib */,
				696EA03017B8B28800497D91 /* Supporting Files */,
			);
			path = BrowseOverflow;
			sourceTree = "<group>";
		};
		696EA03017B8B28800497D91 /* Supporting Files */ = {
			isa = PBXGroup;
			children = (
				696EA03117B8B28800497D91 /* BrowseOverflow-Info.plist */,
				696EA03217B8B28800497D91 /* InfoPlist.strings */,
				696EA03517B8B28800497D91 /* main.m */,
				696EA03717B8B28800497D91 /* BrowseOverflow-Prefix.pch */,
				696EA03B17B8B28800497D91 /* Default.png */,
				696EA03D17B8B28800497D91 /* Default@2x.png */,
				696EA03F17B8B28800497D91 /* Default-568h@2x.png */,
			);
			name = "Supporting Files";
			sourceTree = "<group>";
		};
		696EA07117B8B63500497D91 /* Model */ = {
			isa = PBXGroup;
			children = (
				696EA06D17B8B63000497D91 /* Topic.h */,
				696EA06E17B8B63000497D91 /* Topic.m */,
			);
			name = Model;
			sourceTree = "<group>";
		};
		696EA07A17B8C74400497D91 /* GHUnitTests */ = {
			isa = PBXGroup;
			children = (
				696EA07B17B8C74400497D91 /* Supporting Files */,
				696EA0A117B8CDC900497D91 /* TopicTests.h */,
				696EA0A217B8CDC900497D91 /* TopicTests.m */,
			);
			path = GHUnitTests;
			sourceTree = "<group>";
		};
		696EA07B17B8C74400497D91 /* Supporting Files */ = {
			isa = PBXGroup;
			children = (
				696EA07C17B8C74400497D91 /* GHUnitTests-Info.plist */,
				696EA07D17B8C74400497D91 /* InfoPlist.strings */,
				696EA08017B8C74400497D91 /* main.m */,
				696EA08217B8C74400497D91 /* GHUnitTests-Prefix.pch */,
				696EA08617B8C74400497D91 /* Default.png */,
				696EA08817B8C74400497D91 /* Default@2x.png */,
				696EA08A17B8C74400497D91 /* Default-568h@2x.png */,
			);
			name = "Supporting Files";
			sourceTree = "<group>";
		};
/* End PBXGroup section */

/* Begin PBXNativeTarget section */
		696EA02517B8B28800497D91 /* BrowseOverflow */ = {
			isa = PBXNativeTarget;
			buildConfigurationList = 696EA06417B8B28800497D91 /* Build configuration list for PBXNativeTarget "BrowseOverflow" */;
			buildPhases = (
				12D3415D42C94C1BA8EDC417 /* Check Pods Manifest.lock */,
				696EA02217B8B28800497D91 /* Sources */,
				696EA02317B8B28800497D91 /* Frameworks */,
				696EA02417B8B28800497D91 /* Resources */,
				FBDF24AC7EBD4DC9A0520ECD /* Copy Pods Resources */,
			);
			buildRules = (
			);
			dependencies = (
			);
			name = BrowseOverflow;
			productName = BrowseOverflow;
			productReference = 696EA02617B8B28800497D91 /* BrowseOverflow.app */;
			productType = "com.apple.product-type.application";
		};
		696EA07517B8C74400497D91 /* GHUnitTests */ = {
			isa = PBXNativeTarget;
			buildConfigurationList = 696EA08E17B8C74400497D91 /* Build configuration list for PBXNativeTarget "GHUnitTests" */;
			buildPhases = (
				696EA07217B8C74400497D91 /* Sources */,
				696EA07317B8C74400497D91 /* Frameworks */,
				696EA07417B8C74400497D91 /* Resources */,
			);
			buildRules = (
			);
			dependencies = (
			);
			name = GHUnitTests;
			productName = GHUnitTests;
			productReference = 696EA07617B8C74400497D91 /* GHUnitTests.app */;
			productType = "com.apple.product-type.application";
		};
/* End PBXNativeTarget section */

/* Begin PBXProject section */
		696EA01E17B8B28800497D91 /* Project object */ = {
			isa = PBXProject;
			attributes = {
				CLASSPREFIX = VIP;
				LastUpgradeCheck = 0460;
				ORGANIZATIONNAME = netease;
			};
			buildConfigurationList = 696EA02117B8B28800497D91 /* Build configuration list for PBXProject "BrowseOverflow" */;
			compatibilityVersion = "Xcode 3.2";
			developmentRegion = English;
			hasScannedForEncodings = 0;
			knownRegions = (
				en,
			);
			mainGroup = 696EA01D17B8B28800497D91;
			productRefGroup = 696EA02717B8B28800497D91 /* Products */;
			projectDirPath = "";
			projectRoot = "";
			targets = (
				696EA02517B8B28800497D91 /* BrowseOverflow */,
				696EA07517B8C74400497D91 /* GHUnitTests */,
			);
		};
/* End PBXProject section */

/* Begin PBXResourcesBuildPhase section */
		696EA02417B8B28800497D91 /* Resources */ = {
			isa = PBXResourcesBuildPhase;
			buildActionMask = 2147483647;
			files = (
				696EA03417B8B28800497D91 /* InfoPlist.strings in Resources */,
				696EA03C17B8B28800497D91 /* Default.png in Resources */,
				696EA03E17B8B28800497D91 /* Default@2x.png in Resources */,
				696EA04017B8B28800497D91 /* Default-568h@2x.png in Resources */,
				696EA04917B8B28800497D91 /* VIPMasterViewController.xib in Resources */,
				696EA04C17B8B28800497D91 /* VIPDetailViewController.xib in Resources */,
			);
			runOnlyForDeploymentPostprocessing = 0;
		};
		696EA07417B8C74400497D91 /* Resources */ = {
			isa = PBXResourcesBuildPhase;
			buildActionMask = 2147483647;
			files = (
				696EA07F17B8C74400497D91 /* InfoPlist.strings in Resources */,
				696EA08717B8C74400497D91 /* Default.png in Resources */,
				696EA08917B8C74400497D91 /* Default@2x.png in Resources */,
				696EA08B17B8C74400497D91 /* Default-568h@2x.png in Resources */,
			);
			runOnlyForDeploymentPostprocessing = 0;
		};
/* End PBXResourcesBuildPhase section */

/* Begin PBXShellScriptBuildPhase section */
		12D3415D42C94C1BA8EDC417 /* Check Pods Manifest.lock */ = {
			isa = PBXShellScriptBuildPhase;
			buildActionMask = 2147483647;
			files = (
			);
			inputPaths = (
			);
			name = "Check Pods Manifest.lock";
			outputPaths = (
			);
			runOnlyForDeploymentPostprocessing = 0;
			shellPath = /bin/sh;
			shellScript = "diff \"${PODS_ROOT}/../Podfile.lock\" \"${PODS_ROOT}/Manifest.lock\" > /dev/null\nif [[ $? != 0 ]] ; then\n    cat << EOM\nerror: The sandbox is not in sync with the Podfile.lock. Run 'pod install' or update your CocoaPods installation.\nEOM\n    exit 1\nfi\n";
			showEnvVarsInLog = 0;
		};
		FBDF24AC7EBD4DC9A0520ECD /* Copy Pods Resources */ = {
			isa = PBXShellScriptBuildPhase;
			buildActionMask = 2147483647;
			files = (
			);
			inputPaths = (
			);
			name = "Copy Pods Resources";
			outputPaths = (
			);
			runOnlyForDeploymentPostprocessing = 0;
			shellPath = /bin/sh;
			shellScript = "\"${SRCROOT}/Pods/Pods-resources.sh\"\n";
			showEnvVarsInLog = 0;
		};
/* End PBXShellScriptBuildPhase section */

/* Begin PBXSourcesBuildPhase section */
		696EA02217B8B28800497D91 /* Sources */ = {
			isa = PBXSourcesBuildPhase;
			buildActionMask = 2147483647;
			files = (
				696EA03617B8B28800497D91 /* main.m in Sources */,
				696EA03A17B8B28800497D91 /* VIPAppDelegate.m in Sources */,
				696EA04317B8B28800497D91 /* VIPMasterViewController.m in Sources */,
				696EA04617B8B28800497D91 /* VIPDetailViewController.m in Sources */,
				696EA06F17B8B63000497D91 /* Topic.m in Sources */,
			);
			runOnlyForDeploymentPostprocessing = 0;
		};
		696EA07217B8C74400497D91 /* Sources */ = {
			isa = PBXSourcesBuildPhase;
			buildActionMask = 2147483647;
			files = (
				696EA0A417B8CDF900497D91 /* Topic.m in Sources */,
				696EA08117B8C74400497D91 /* main.m in Sources */,
				696EA0A317B8CDC900497D91 /* TopicTests.m in Sources */,
			);
			runOnlyForDeploymentPostprocessing = 0;
		};
/* End PBXSourcesBuildPhase section */

/* Begin PBXVariantGroup section */
		696EA03217B8B28800497D91 /* InfoPlist.strings */ = {
			isa = PBXVariantGroup;
			children = (
				696EA03317B8B28800497D91 /* en */,
			);
			name = InfoPlist.strings;
			sourceTree = "<group>";
		};
		696EA04717B8B28800497D91 /* VIPMasterViewController.xib */ = {
			isa = PBXVariantGroup;
			children = (
				696EA04817B8B28800497D91 /* en */,
			);
			name = VIPMasterViewController.xib;
			sourceTree = "<group>";
		};
		696EA04A17B8B28800497D91 /* VIPDetailViewController.xib */ = {
			isa = PBXVariantGroup;
			children = (
				696EA04B17B8B28800497D91 /* en */,
			);
			name = VIPDetailViewController.xib;
			sourceTree = "<group>";
		};
		696EA07D17B8C74400497D91 /* InfoPlist.strings */ = {
			isa = PBXVariantGroup;
			children = (
				696EA07E17B8C74400497D91 /* en */,
			);
			name = InfoPlist.strings;
			sourceTree = "<group>";
		};
/* End PBXVariantGroup section */

/* Begin XCBuildConfiguration section */
		696EA06217B8B28800497D91 /* Debug */ = {
			isa = XCBuildConfiguration;
			buildSettings = {
				ALWAYS_SEARCH_USER_PATHS = NO;
				CLANG_CXX_LANGUAGE_STANDARD = "gnu++0x";
				CLANG_CXX_LIBRARY = "libc++";
				CLANG_ENABLE_OBJC_ARC = YES;
				CLANG_WARN_CONSTANT_CONVERSION = YES;
				CLANG_WARN_EMPTY_BODY = YES;
				CLANG_WARN_ENUM_CONVERSION = YES;
				CLANG_WARN_INT_CONVERSION = YES;
				CLANG_WARN__DUPLICATE_METHOD_MATCH = YES;
				"CODE_SIGN_IDENTITY[sdk=iphoneos*]" = "iPhone Developer";
				COPY_PHASE_STRIP = NO;
				GCC_C_LANGUAGE_STANDARD = gnu99;
				GCC_DYNAMIC_NO_PIC = NO;
				GCC_OPTIMIZATION_LEVEL = 0;
				GCC_PREPROCESSOR_DEFINITIONS = (
					"DEBUG=1",
					"$(inherited)",
				);
				GCC_SYMBOLS_PRIVATE_EXTERN = NO;
				GCC_WARN_ABOUT_RETURN_TYPE = YES;
				GCC_WARN_UNINITIALIZED_AUTOS = YES;
				GCC_WARN_UNUSED_VARIABLE = YES;
				IPHONEOS_DEPLOYMENT_TARGET = 6.1;
				ONLY_ACTIVE_ARCH = YES;
				SDKROOT = iphoneos;
			};
			name = Debug;
		};
		696EA06317B8B28800497D91 /* Release */ = {
			isa = XCBuildConfiguration;
			buildSettings = {
				ALWAYS_SEARCH_USER_PATHS = NO;
				CLANG_CXX_LANGUAGE_STANDARD = "gnu++0x";
				CLANG_CXX_LIBRARY = "libc++";
				CLANG_ENABLE_OBJC_ARC = YES;
				CLANG_WARN_CONSTANT_CONVERSION = YES;
				CLANG_WARN_EMPTY_BODY = YES;
				CLANG_WARN_ENUM_CONVERSION = YES;
				CLANG_WARN_INT_CONVERSION = YES;
				CLANG_WARN__DUPLICATE_METHOD_MATCH = YES;
				"CODE_SIGN_IDENTITY[sdk=iphoneos*]" = "iPhone Developer";
				COPY_PHASE_STRIP = YES;
				GCC_C_LANGUAGE_STANDARD = gnu99;
				GCC_WARN_ABOUT_RETURN_TYPE = YES;
				GCC_WARN_UNINITIALIZED_AUTOS = YES;
				GCC_WARN_UNUSED_VARIABLE = YES;
				IPHONEOS_DEPLOYMENT_TARGET = 6.1;
				OTHER_CFLAGS = "-DNS_BLOCK_ASSERTIONS=1";
				SDKROOT = iphoneos;
				VALIDATE_PRODUCT = YES;
			};
			name = Release;
		};
		696EA06517B8B28800497D91 /* Debug */ = {
			isa = XCBuildConfiguration;
			baseConfigurationReference = 8937EA399252405F9C172ED2 /* Pods.xcconfig */;
			buildSettings = {
				GCC_PRECOMPILE_PREFIX_HEADER = YES;
				GCC_PREFIX_HEADER = "BrowseOverflow/BrowseOverflow-Prefix.pch";
				INFOPLIST_FILE = "BrowseOverflow/BrowseOverflow-Info.plist";
				PRODUCT_NAME = "$(TARGET_NAME)";
				WRAPPER_EXTENSION = app;
			};
			name = Debug;
		};
		696EA06617B8B28800497D91 /* Release */ = {
			isa = XCBuildConfiguration;
			baseConfigurationReference = 8937EA399252405F9C172ED2 /* Pods.xcconfig */;
			buildSettings = {
				GCC_PRECOMPILE_PREFIX_HEADER = YES;
				GCC_PREFIX_HEADER = "BrowseOverflow/BrowseOverflow-Prefix.pch";
				INFOPLIST_FILE = "BrowseOverflow/BrowseOverflow-Info.plist";
				PRODUCT_NAME = "$(TARGET_NAME)";
				WRAPPER_EXTENSION = app;
			};
			name = Release;
		};
		696EA08C17B8C74400497D91 /* Debug */ = {
			isa = XCBuildConfiguration;
			buildSettings = {
				"CODE_SIGN_IDENTITY[sdk=iphoneos*]" = "iPhone Developer";
				GCC_PRECOMPILE_PREFIX_HEADER = YES;
				GCC_PREFIX_HEADER = "GHUnitTests/GHUnitTests-Prefix.pch";
				INFOPLIST_FILE = "GHUnitTests/GHUnitTests-Info.plist";
				"OTHER_LDFLAGS[arch=*]" = (
					"-ObjC",
					"-all_load",
				);
				PRODUCT_NAME = "$(TARGET_NAME)";
				USER_HEADER_SEARCH_PATHS = "${SRCROOT}/**";
				WRAPPER_EXTENSION = app;
			};
			name = Debug;
		};
		696EA08D17B8C74400497D91 /* Release */ = {
			isa = XCBuildConfiguration;
			buildSettings = {
				"CODE_SIGN_IDENTITY[sdk=iphoneos*]" = "iPhone Developer";
				GCC_PRECOMPILE_PREFIX_HEADER = YES;
				GCC_PREFIX_HEADER = "GHUnitTests/GHUnitTests-Prefix.pch";
				INFOPLIST_FILE = "GHUnitTests/GHUnitTests-Info.plist";
				PRODUCT_NAME = "$(TARGET_NAME)";
				USER_HEADER_SEARCH_PATHS = "${SRCROOT}/**";
				WRAPPER_EXTENSION = app;
			};
			name = Release;
		};
/* End XCBuildConfiguration section */

/* Begin XCConfigurationList section */
		696EA02117B8B28800497D91 /* Build configuration list for PBXProject "BrowseOverflow" */ = {
			isa = XCConfigurationList;
			buildConfigurations = (
				696EA06217B8B28800497D91 /* Debug */,
				696EA06317B8B28800497D91 /* Release */,
			);
			defaultConfigurationIsVisible = 0;
			defaultConfigurationName = Release;
		};
		696EA06417B8B28800497D91 /* Build configuration list for PBXNativeTarget "BrowseOverflow" */ = {
			isa = XCConfigurationList;
			buildConfigurations = (
				696EA06517B8B28800497D91 /* Debug */,
				696EA06617B8B28800497D91 /* Release */,
			);
			defaultConfigurationIsVisible = 0;
			defaultConfigurationName = Release;
		};
		696EA08E17B8C74400497D91 /* Build configuration list for PBXNativeTarget "GHUnitTests" */ = {
			isa = XCConfigurationList;
			buildConfigurations = (
				696EA08C17B8C74400497D91 /* Debug */,
				696EA08D17B8C74400497D91 /* Release */,
			);
			defaultConfigurationIsVisible = 0;
		};
/* End XCConfigurationList section */
	};
	rootObject = 696EA01E17B8B28800497D91 /* Project object */;
}
